lockfileVersion: '9.0'

settings:
  autoInstallPeers: true
  excludeLinksFromLockfile: false

importers:
  .:
    dependencies:
      '@ast-grep/cli':
        specifier: ^0.24.1
        version: 0.24.1
      '@ast-grep/napi':
        specifier: ^0.28.0
        version: 0.28.0
    devDependencies:
      '@types/node':
        specifier: ^22.7.5
        version: 22.7.5

packages:
  '@ast-grep/cli-darwin-arm64@0.24.1':
    resolution: { integrity: sha1-lL+HGCaJP4cgLrkZUzbGSLZfCrc= }
    engines: { node: '>= 10' }
    cpu: [arm64]
    os: [darwin]

  '@ast-grep/cli-darwin-x64@0.24.1':
    resolution: { integrity: sha1-iiFeYr0dghGlzehYJr9eta8yYB0= }
    engines: { node: '>= 10' }
    cpu: [x64]
    os: [darwin]

  '@ast-grep/cli-linux-arm64-gnu@0.24.1':
    resolution: { integrity: sha1-6dNoAcpeSxor/3RCZ/Kd5HIF7+E= }
    engines: { node: '>= 10' }
    cpu: [arm64]
    os: [linux]
    libc: [glibc]

  '@ast-grep/cli-linux-x64-gnu@0.24.1':
    resolution: { integrity: sha1-rWkWbLpgKF4vCg2eH8Hhf3g5swk= }
    engines: { node: '>= 10' }
    cpu: [x64]
    os: [linux]
    libc: [glibc]

  '@ast-grep/cli-win32-arm64-msvc@0.24.1':
    resolution: { integrity: sha1-G08mnuocdjuuZIdbdPY5XmLjNFo= }
    engines: { node: '>= 10' }
    cpu: [arm64]
    os: [win32]

  '@ast-grep/cli-win32-ia32-msvc@0.24.1':
    resolution: { integrity: sha1-zTrZVTjZzWjING5XRwpfBuB/DZY= }
    engines: { node: '>= 10' }
    cpu: [ia32]
    os: [win32]

  '@ast-grep/cli-win32-x64-msvc@0.24.1':
    resolution: { integrity: sha1-LXcIZUH92PIl+OntoQP6MiIQDs8= }
    engines: { node: '>= 10' }
    cpu: [x64]
    os: [win32]

  '@ast-grep/cli@0.24.1':
    resolution: { integrity: sha1-Btt9PohmL+u1iGZTsvPQYHRb7oM= }
    engines: { node: '>= 12.0.0' }
    hasBin: true

  '@ast-grep/napi-darwin-arm64@0.28.0':
    resolution: { integrity: sha1-OE5I9A18svUT2/a0+YwUHrC7Lzw= }
    engines: { node: '>= 10' }
    cpu: [arm64]
    os: [darwin]

  '@ast-grep/napi-linux-arm64-gnu@0.28.0':
    resolution: { integrity: sha1-DoCEmXnWDjC8U8QgFQB9Q78SLTw= }
    engines: { node: '>= 10' }
    cpu: [arm64]
    os: [linux]
    libc: [glibc]

  '@ast-grep/napi-linux-arm64-musl@0.28.0':
    resolution: { integrity: sha1-kNOG9gwNRcn4GgSIQMAJ8wSmvnA= }
    engines: { node: '>= 10' }
    cpu: [arm64]
    os: [linux]
    libc: [musl]

  '@ast-grep/napi-linux-x64-musl@0.28.0':
    resolution: { integrity: sha1-YTKSS52zf0xBpLScurpjILtSOro= }
    engines: { node: '>= 10' }
    cpu: [x64]
    os: [linux]
    libc: [musl]

  '@ast-grep/napi-win32-arm64-msvc@0.28.0':
    resolution: { integrity: sha1-Ks+AjF9TA5nMgl6GYNG8gOdG8U8= }
    engines: { node: '>= 10' }
    cpu: [arm64]
    os: [win32]

  '@ast-grep/napi-win32-x64-msvc@0.28.0':
    resolution: { integrity: sha1-OruGzPenw8KyWUhyrCOTa+z/ySY= }
    engines: { node: '>= 10' }
    cpu: [x64]
    os: [win32]

  '@ast-grep/napi@0.28.0':
    resolution:
      {
        integrity: sha512-m1ejvc1tR3kq6Lt4iCmechrX39rAvDRhaj/c68QyoTN+Ue3yavKHfS+qZt3TRPEywYTT0RerSxUFuITPhQ5f/A==,
      }
    engines: { node: '>= 10' }

  '@types/node@22.7.5':
    resolution: { integrity: sha1-z96YFyenqzYRpIFRC0c65URCuSs= }

  detect-libc@2.0.3:
    resolution: { integrity: sha1-8M1QO0D5k5uJRpfRmtUIleMM9wA= }
    engines: { node: '>=8' }

  undici-types@6.19.8:
    resolution: { integrity: sha1-NREcnRQ3q4OnzcCrri8m2I7aCgI= }

snapshots:
  '@ast-grep/cli-darwin-arm64@0.24.1':
    optional: true

  '@ast-grep/cli-darwin-x64@0.24.1':
    optional: true

  '@ast-grep/cli-linux-arm64-gnu@0.24.1':
    optional: true

  '@ast-grep/cli-linux-x64-gnu@0.24.1':
    optional: true

  '@ast-grep/cli-win32-arm64-msvc@0.24.1':
    optional: true

  '@ast-grep/cli-win32-ia32-msvc@0.24.1':
    optional: true

  '@ast-grep/cli-win32-x64-msvc@0.24.1':
    optional: true

  '@ast-grep/cli@0.24.1':
    dependencies:
      detect-libc: 2.0.3
    optionalDependencies:
      '@ast-grep/cli-darwin-arm64': 0.24.1
      '@ast-grep/cli-darwin-x64': 0.24.1
      '@ast-grep/cli-linux-arm64-gnu': 0.24.1
      '@ast-grep/cli-linux-x64-gnu': 0.24.1
      '@ast-grep/cli-win32-arm64-msvc': 0.24.1
      '@ast-grep/cli-win32-ia32-msvc': 0.24.1
      '@ast-grep/cli-win32-x64-msvc': 0.24.1

  '@ast-grep/napi-darwin-arm64@0.28.0':
    optional: true

  '@ast-grep/napi-linux-arm64-gnu@0.28.0':
    optional: true

  '@ast-grep/napi-linux-arm64-musl@0.28.0':
    optional: true

  '@ast-grep/napi-linux-x64-musl@0.28.0':
    optional: true

  '@ast-grep/napi-win32-arm64-msvc@0.28.0':
    optional: true

  '@ast-grep/napi-win32-x64-msvc@0.28.0':
    optional: true

  '@ast-grep/napi@0.28.0':
    optionalDependencies:
      '@ast-grep/napi-darwin-arm64': 0.28.0
      '@ast-grep/napi-linux-arm64-gnu': 0.28.0
      '@ast-grep/napi-linux-arm64-musl': 0.28.0
      '@ast-grep/napi-linux-x64-musl': 0.28.0
      '@ast-grep/napi-win32-arm64-msvc': 0.28.0
      '@ast-grep/napi-win32-x64-msvc': 0.28.0

  '@types/node@22.7.5':
    dependencies:
      undici-types: 6.19.8

  detect-libc@2.0.3: {}

  undici-types@6.19.8: {}
